// !$*UTF8*$!
{
	archiveVersion = 1;
	classes = {
	};
	objectVersion = 77;
	objects = {

/* Begin PBXBuildFile section */
		0C8AE76378B0FCCF8957B3A0 /* SearchBar.swift in Sources */ = {isa = PBXBuildFile; fileRef = BA4353840CA24F045A37B133 /* SearchBar.swift */; };
		2F492803D635C18750F98BBC /* ShortcutRecorderView.swift in Sources */ = {isa = PBXBuildFile; fileRef = 756C41B94C5F060DD792D03C /* ShortcutRecorderView.swift */; };
		3B7FC1504D8FFFDDD7F3FAB8 /* HotKeyManager.swift in Sources */ = {isa = PBXBuildFile; fileRef = 2DDBF19E680ADCE34D051275 /* HotKeyManager.swift */; };
		423891FB4C39BA5FDF08B1BF /* AppDelegate.swift in Sources */ = {isa = PBXBuildFile; fileRef = 77B153DF2BA49164525C42A0 /* AppDelegate.swift */; };
		5FC7B2B68756A340589CF3E3 /* FloatingWindowView.swift in Sources */ = {isa = PBXBuildFile; fileRef = E91DB8DA8551879506B79B69 /* FloatingWindowView.swift */; };
		66F348A0C42EE07792027C6B /* TagView.swift in Sources */ = {isa = PBXBuildFile; fileRef = A34FF707D95A3A58D777275D /* TagView.swift */; };
		747258764F890F953960B89B /* EmptyStateView.swift in Sources */ = {isa = PBXBuildFile; fileRef = 1EAB4DFF745C159D542E8DB9 /* EmptyStateView.swift */; };
		78E577E9D83EE664EFC33918 /* ClipboardItemRow.swift in Sources */ = {isa = PBXBuildFile; fileRef = B65CFDF0F19C599B64730880 /* ClipboardItemRow.swift */; };
		9692EEC7F0FBB8CEC61AD003 /* ClipFlowApp.swift in Sources */ = {isa = PBXBuildFile; fileRef = A4AC65C65E8D9EF183514721 /* ClipFlowApp.swift */; };
		9743788D4E2160656F7BBE32 /* Color+Hex.swift in Sources */ = {isa = PBXBuildFile; fileRef = E614E0B350221DC20564FFE6 /* Color+Hex.swift */; };
		BA97ED45F0BC7A5BBFF54B7D /* ContentView.swift in Sources */ = {isa = PBXBuildFile; fileRef = C9BD6759A4218875050954FC /* ContentView.swift */; };
		C950E8741D6C858B817F87B6 /* SettingsView.swift in Sources */ = {isa = PBXBuildFile; fileRef = 93E6F611F5CEAB8D5193F057 /* SettingsView.swift */; };
		DA93DA65699236B265A42B51 /* PersistenceController.swift in Sources */ = {isa = PBXBuildFile; fileRef = 2E1635D01D3FA9F5BC8E5FFC /* PersistenceController.swift */; };
		E359ED8EB6ABFE521170F244 /* ClipboardItem.swift in Sources */ = {isa = PBXBuildFile; fileRef = F6590A7FBCA0E3372D48BBF5 /* ClipboardItem.swift */; };
		FD1B12E809937CB54BD80062 /* ClipboardMonitor.swift in Sources */ = {isa = PBXBuildFile; fileRef = 4B9FCB3F1A4295844FE7C426 /* ClipboardMonitor.swift */; };
/* End PBXBuildFile section */

/* Begin PBXFileReference section */
		1EAB4DFF745C159D542E8DB9 /* EmptyStateView.swift */ = {isa = PBXFileReference; lastKnownFileType = sourcecode.swift; path = EmptyStateView.swift; sourceTree = "<group>"; };
		2DDBF19E680ADCE34D051275 /* HotKeyManager.swift */ = {isa = PBXFileReference; lastKnownFileType = sourcecode.swift; path = HotKeyManager.swift; sourceTree = "<group>"; };
		2E1635D01D3FA9F5BC8E5FFC /* PersistenceController.swift */ = {isa = PBXFileReference; lastKnownFileType = sourcecode.swift; path = PersistenceController.swift; sourceTree = "<group>"; };
		4B9FCB3F1A4295844FE7C426 /* ClipboardMonitor.swift */ = {isa = PBXFileReference; lastKnownFileType = sourcecode.swift; path = ClipboardMonitor.swift; sourceTree = "<group>"; };
		756C41B94C5F060DD792D03C /* ShortcutRecorderView.swift */ = {isa = PBXFileReference; lastKnownFileType = sourcecode.swift; path = ShortcutRecorderView.swift; sourceTree = "<group>"; };
		77B153DF2BA49164525C42A0 /* AppDelegate.swift */ = {isa = PBXFileReference; lastKnownFileType = sourcecode.swift; path = AppDelegate.swift; sourceTree = "<group>"; };
		93E6F611F5CEAB8D5193F057 /* SettingsView.swift */ = {isa = PBXFileReference; lastKnownFileType = sourcecode.swift; path = SettingsView.swift; sourceTree = "<group>"; };
		A34FF707D95A3A58D777275D /* TagView.swift */ = {isa = PBXFileReference; lastKnownFileType = sourcecode.swift; path = TagView.swift; sourceTree = "<group>"; };
		A4AC65C65E8D9EF183514721 /* ClipFlowApp.swift */ = {isa = PBXFileReference; lastKnownFileType = sourcecode.swift; path = ClipFlowApp.swift; sourceTree = "<group>"; };
		B65CFDF0F19C599B64730880 /* ClipboardItemRow.swift */ = {isa = PBXFileReference; lastKnownFileType = sourcecode.swift; path = ClipboardItemRow.swift; sourceTree = "<group>"; };
		BA4353840CA24F045A37B133 /* SearchBar.swift */ = {isa = PBXFileReference; lastKnownFileType = sourcecode.swift; path = SearchBar.swift; sourceTree = "<group>"; };
		C9BD6759A4218875050954FC /* ContentView.swift */ = {isa = PBXFileReference; lastKnownFileType = sourcecode.swift; path = ContentView.swift; sourceTree = "<group>"; };
		D5EB1FAFD466C4B3D85F8658 /* ClipFlow.app */ = {isa = PBXFileReference; explicitFileType = wrapper.application; includeInIndex = 0; path = ClipFlow.app; sourceTree = BUILT_PRODUCTS_DIR; };
		E614E0B350221DC20564FFE6 /* Color+Hex.swift */ = {isa = PBXFileReference; lastKnownFileType = sourcecode.swift; path = "Color+Hex.swift"; sourceTree = "<group>"; };
		E91DB8DA8551879506B79B69 /* FloatingWindowView.swift */ = {isa = PBXFileReference; lastKnownFileType = sourcecode.swift; path = FloatingWindowView.swift; sourceTree = "<group>"; };
		F6590A7FBCA0E3372D48BBF5 /* ClipboardItem.swift */ = {isa = PBXFileReference; lastKnownFileType = sourcecode.swift; path = ClipboardItem.swift; sourceTree = "<group>"; };
/* End PBXFileReference section */

/* Begin PBXGroup section */
		1FAB670DC211F6FB013D11DA /* Services */ = {
			isa = PBXGroup;
			children = (
				4B9FCB3F1A4295844FE7C426 /* ClipboardMonitor.swift */,
				2DDBF19E680ADCE34D051275 /* HotKeyManager.swift */,
			);
			path = Services;
			sourceTree = "<group>";
		};
		30C038178ACC6B57A5BDEEC4 /* Models */ = {
			isa = PBXGroup;
			children = (
				F6590A7FBCA0E3372D48BBF5 /* ClipboardItem.swift */,
			);
			path = Models;
			sourceTree = "<group>";
		};
		55617B918B8FE10A56696E32 /* Products */ = {
			isa = PBXGroup;
			children = (
				D5EB1FAFD466C4B3D85F8658 /* ClipFlow.app */,
			);
			name = Products;
			sourceTree = "<group>";
		};
		78F12B3FB282D64FB0DECAD2 /* ViewModels */ = {
			isa = PBXGroup;
			children = (
			);
			path = ViewModels;
			sourceTree = "<group>";
		};
		7A5005CBC73FD21709A9C0A3 /* App */ = {
			isa = PBXGroup;
			children = (
				77B153DF2BA49164525C42A0 /* AppDelegate.swift */,
				A4AC65C65E8D9EF183514721 /* ClipFlowApp.swift */,
			);
			path = App;
			sourceTree = "<group>";
		};
		7BC0A0C9BC6DDFC3E1E61095 /* Persistence */ = {
			isa = PBXGroup;
			children = (
				2E1635D01D3FA9F5BC8E5FFC /* PersistenceController.swift */,
			);
			path = Persistence;
			sourceTree = "<group>";
		};
		9D713B1513BAC646044B94A4 = {
			isa = PBXGroup;
			children = (
				BC546E6A4D4D95ADA02491CC /* Sources */,
				55617B918B8FE10A56696E32 /* Products */,
			);
			sourceTree = "<group>";
		};
		BC546E6A4D4D95ADA02491CC /* Sources */ = {
			isa = PBXGroup;
			children = (
				7A5005CBC73FD21709A9C0A3 /* App */,
				30C038178ACC6B57A5BDEEC4 /* Models */,
				7BC0A0C9BC6DDFC3E1E61095 /* Persistence */,
				1FAB670DC211F6FB013D11DA /* Services */,
				78F12B3FB282D64FB0DECAD2 /* ViewModels */,
				F30E26A5923EA3A5E76A0B58 /* Views */,
			);
			path = Sources;
			sourceTree = "<group>";
		};
		E534313217E75EB58E2BB586 /* Components */ = {
			isa = PBXGroup;
			children = (
				B65CFDF0F19C599B64730880 /* ClipboardItemRow.swift */,
				E614E0B350221DC20564FFE6 /* Color+Hex.swift */,
				1EAB4DFF745C159D542E8DB9 /* EmptyStateView.swift */,
				BA4353840CA24F045A37B133 /* SearchBar.swift */,
				756C41B94C5F060DD792D03C /* ShortcutRecorderView.swift */,
				A34FF707D95A3A58D777275D /* TagView.swift */,
			);
			path = Components;
			sourceTree = "<group>";
		};
		F30E26A5923EA3A5E76A0B58 /* Views */ = {
			isa = PBXGroup;
			children = (
				C9BD6759A4218875050954FC /* ContentView.swift */,
				E91DB8DA8551879506B79B69 /* FloatingWindowView.swift */,
				93E6F611F5CEAB8D5193F057 /* SettingsView.swift */,
				E534313217E75EB58E2BB586 /* Components */,
			);
			path = Views;
			sourceTree = "<group>";
		};
/* End PBXGroup section */

/* Begin PBXNativeTarget section */
		90DA79FDAD89E47AF68E92BE /* ClipFlow */ = {
			isa = PBXNativeTarget;
			buildConfigurationList = 1D4D2D6FB33981C2E721858F /* Build configuration list for PBXNativeTarget "ClipFlow" */;
			buildPhases = (
				89D59757354E9A91D9EF169A /* Sources */,
				435557344391500666A5FF0B /* SwiftLint */,
			);
			buildRules = (
			);
			dependencies = (
			);
			name = ClipFlow;
			packageProductDependencies = (
			);
			productName = ClipFlow;
			productReference = D5EB1FAFD466C4B3D85F8658 /* ClipFlow.app */;
			productType = "com.apple.product-type.application";
		};
/* End PBXNativeTarget section */

/* Begin PBXProject section */
		B0DC5489CC3F0A171BCBEE6D /* Project object */ = {
			isa = PBXProject;
			attributes = {
				BuildIndependentTargetsInParallel = YES;
				LastUpgradeCheck = 1500;
				TargetAttributes = {
					90DA79FDAD89E47AF68E92BE = {
						DevelopmentTeam = "";
						ProvisioningStyle = Automatic;
					};
				};
			};
			buildConfigurationList = 8B39C76DC1FC9BCA019A5862 /* Build configuration list for PBXProject "ClipFlow" */;
			compatibilityVersion = "Xcode 14.0";
			developmentRegion = en;
			hasScannedForEncodings = 0;
			knownRegions = (
				Base,
				en,
			);
			mainGroup = 9D713B1513BAC646044B94A4;
			minimizedProjectReferenceProxies = 1;
			preferredProjectObjectVersion = 77;
			projectDirPath = "";
			projectRoot = "";
			targets = (
				90DA79FDAD89E47AF68E92BE /* ClipFlow */,
			);
		};
/* End PBXProject section */

/* Begin PBXShellScriptBuildPhase section */
		435557344391500666A5FF0B /* SwiftLint */ = {
			isa = PBXShellScriptBuildPhase;
			alwaysOutOfDate = 1;
			buildActionMask = 2147483647;
			files = (
			);
			inputFileListPaths = (
			);
			inputPaths = (
			);
			name = SwiftLint;
			outputFileListPaths = (
			);
			outputPaths = (
			);
			runOnlyForDeploymentPostprocessing = 0;
			shellPath = /bin/sh;
			shellScript = "if which swiftlint > /dev/null; then\n  swiftlint\nelse\n  echo \"warning: SwiftLint not installed\"\nfi\n";
		};
/* End PBXShellScriptBuildPhase section */

/* Begin PBXSourcesBuildPhase section */
		89D59757354E9A91D9EF169A /* Sources */ = {
			isa = PBXSourcesBuildPhase;
			buildActionMask = 2147483647;
			files = (
				423891FB4C39BA5FDF08B1BF /* AppDelegate.swift in Sources */,
				9692EEC7F0FBB8CEC61AD003 /* ClipFlowApp.swift in Sources */,
				E359ED8EB6ABFE521170F244 /* ClipboardItem.swift in Sources */,
				78E577E9D83EE664EFC33918 /* ClipboardItemRow.swift in Sources */,
				FD1B12E809937CB54BD80062 /* ClipboardMonitor.swift in Sources */,
				9743788D4E2160656F7BBE32 /* Color+Hex.swift in Sources */,
				BA97ED45F0BC7A5BBFF54B7D /* ContentView.swift in Sources */,
				747258764F890F953960B89B /* EmptyStateView.swift in Sources */,
				5FC7B2B68756A340589CF3E3 /* FloatingWindowView.swift in Sources */,
				3B7FC1504D8FFFDDD7F3FAB8 /* HotKeyManager.swift in Sources */,
				DA93DA65699236B265A42B51 /* PersistenceController.swift in Sources */,
				0C8AE76378B0FCCF8957B3A0 /* SearchBar.swift in Sources */,
				C950E8741D6C858B817F87B6 /* SettingsView.swift in Sources */,
				2F492803D635C18750F98BBC /* ShortcutRecorderView.swift in Sources */,
				66F348A0C42EE07792027C6B /* TagView.swift in Sources */,
			);
			runOnlyForDeploymentPostprocessing = 0;
		};
/* End PBXSourcesBuildPhase section */

/* Begin XCBuildConfiguration section */
		06A4A906990637E32573925A /* Debug */ = {
			isa = XCBuildConfiguration;
			buildSettings = {
				ASSETCATALOG_COMPILER_APPICON_NAME = AppIcon;
				CODE_SIGN_ENTITLEMENTS = Resources/ClipFlow.entitlements;
				COMBINE_HIDPI_IMAGES = YES;
				ENABLE_HARDENED_RUNTIME = YES;
				INFOPLIST_FILE = Resources/Info.plist;
				LD_RUNPATH_SEARCH_PATHS = "$(inherited) @executable_path/../Frameworks";
				PRODUCT_BUNDLE_IDENTIFIER = com.clipflow.app;
				SDKROOT = macosx;
			};
			name = Debug;
		};
		A557672CEC726CB751DB7483 /* Debug */ = {
			isa = XCBuildConfiguration;
			buildSettings = {
				ALWAYS_SEARCH_USER_PATHS = NO;
				CLANG_ANALYZER_NONNULL = YES;
				CLANG_ANALYZER_NUMBER_OBJECT_CONVERSION = YES_AGGRESSIVE;
				CLANG_CXX_LANGUAGE_STANDARD = "gnu++14";
				CLANG_CXX_LIBRARY = "libc++";
				CLANG_ENABLE_MODULES = YES;
				CLANG_ENABLE_OBJC_ARC = YES;
				CLANG_ENABLE_OBJC_WEAK = YES;
				CLANG_WARN_BLOCK_CAPTURE_AUTORELEASING = YES;
				CLANG_WARN_BOOL_CONVERSION = YES;
				CLANG_WARN_COMMA = YES;
				CLANG_WARN_CONSTANT_CONVERSION = YES;
				CLANG_WARN_DEPRECATED_OBJC_IMPLEMENTATIONS = YES;
				CLANG_WARN_DIRECT_OBJC_ISA_USAGE = YES_ERROR;
				CLANG_WARN_DOCUMENTATION_COMMENTS = YES;
				CLANG_WARN_EMPTY_BODY = YES;
				CLANG_WARN_ENUM_CONVERSION = YES;
				CLANG_WARN_INFINITE_RECURSION = YES;
				CLANG_WARN_INT_CONVERSION = YES;
				CLANG_WARN_NON_LITERAL_NULL_CONVERSION = YES;
				CLANG_WARN_OBJC_IMPLICIT_RETAIN_SELF = YES;
				CLANG_WARN_OBJC_LITERAL_CONVERSION = YES;
				CLANG_WARN_OBJC_ROOT_CLASS = YES_ERROR;
				CLANG_WARN_QUOTED_INCLUDE_IN_FRAMEWORK_HEADER = YES;
				CLANG_WARN_RANGE_LOOP_ANALYSIS = YES;
				CLANG_WARN_STRICT_PROTOTYPES = YES;
				CLANG_WARN_SUSPICIOUS_MOVE = YES;
				CLANG_WARN_UNGUARDED_AVAILABILITY = YES_AGGRESSIVE;
				CLANG_WARN_UNREACHABLE_CODE = YES;
				CLANG_WARN__DUPLICATE_METHOD_MATCH = YES;
				CODE_SIGN_STYLE = Automatic;
				COPY_PHASE_STRIP = NO;
				CURRENT_PROJECT_VERSION = 1;
				DEBUG_INFORMATION_FORMAT = dwarf;
				DEVELOPMENT_TEAM = "";
				ENABLE_STRICT_OBJC_MSGSEND = YES;
				ENABLE_TESTABILITY = YES;
				GCC_C_LANGUAGE_STANDARD = gnu11;
				GCC_DYNAMIC_NO_PIC = NO;
				GCC_NO_COMMON_BLOCKS = YES;
				GCC_OPTIMIZATION_LEVEL = 0;
				GCC_PREPROCESSOR_DEFINITIONS = (
					"$(inherited)",
					"DEBUG=1",
				);
				GCC_WARN_64_TO_32_BIT_CONVERSION = YES;
				GCC_WARN_ABOUT_RETURN_TYPE = YES_ERROR;
				GCC_WARN_UNDECLARED_SELECTOR = YES;
				GCC_WARN_UNINITIALIZED_AUTOS = YES_AGGRESSIVE;
				GCC_WARN_UNUSED_FUNCTION = YES;
				GCC_WARN_UNUSED_VARIABLE = YES;
				MACOSX_DEPLOYMENT_TARGET = 14.0;
				MARKETING_VERSION = 1.0.0;
				MTL_ENABLE_DEBUG_INFO = INCLUDE_SOURCE;
				MTL_FAST_MATH = YES;
				ONLY_ACTIVE_ARCH = YES;
				PRODUCT_NAME = "$(TARGET_NAME)";
				SDKROOT = macosx;
				SWIFT_ACTIVE_COMPILATION_CONDITIONS = DEBUG;
				SWIFT_OPTIMIZATION_LEVEL = "-Onone";
				SWIFT_VERSION = 5.9;
			};
			name = Debug;
		};
		C07FAD1014AACC9D89FF8DFD /* Release */ = {
			isa = XCBuildConfiguration;
			buildSettings = {
				ASSETCATALOG_COMPILER_APPICON_NAME = AppIcon;
				CODE_SIGN_ENTITLEMENTS = Resources/ClipFlow.entitlements;
				COMBINE_HIDPI_IMAGES = YES;
				ENABLE_HARDENED_RUNTIME = YES;
				INFOPLIST_FILE = Resources/Info.plist;
				LD_RUNPATH_SEARCH_PATHS = "$(inherited) @executable_path/../Frameworks";
				PRODUCT_BUNDLE_IDENTIFIER = com.clipflow.app;
				SDKROOT = macosx;
			};
			name = Release;
		};
		D8084E6FD03F6177FB32D49A /* Release */ = {
			isa = XCBuildConfiguration;
			buildSettings = {
				ALWAYS_SEARCH_USER_PATHS = NO;
				CLANG_ANALYZER_NONNULL = YES;
				CLANG_ANALYZER_NUMBER_OBJECT_CONVERSION = YES_AGGRESSIVE;
				CLANG_CXX_LANGUAGE_STANDARD = "gnu++14";
				CLANG_CXX_LIBRARY = "libc++";
				CLANG_ENABLE_MODULES = YES;
				CLANG_ENABLE_OBJC_ARC = YES;
				CLANG_ENABLE_OBJC_WEAK = YES;
				CLANG_WARN_BLOCK_CAPTURE_AUTORELEASING = YES;
				CLANG_WARN_BOOL_CONVERSION = YES;
				CLANG_WARN_COMMA = YES;
				CLANG_WARN_CONSTANT_CONVERSION = YES;
				CLANG_WARN_DEPRECATED_OBJC_IMPLEMENTATIONS = YES;
				CLANG_WARN_DIRECT_OBJC_ISA_USAGE = YES_ERROR;
				CLANG_WARN_DOCUMENTATION_COMMENTS = YES;
				CLANG_WARN_EMPTY_BODY = YES;
				CLANG_WARN_ENUM_CONVERSION = YES;
				CLANG_WARN_INFINITE_RECURSION = YES;
				CLANG_WARN_INT_CONVERSION = YES;
				CLANG_WARN_NON_LITERAL_NULL_CONVERSION = YES;
				CLANG_WARN_OBJC_IMPLICIT_RETAIN_SELF = YES;
				CLANG_WARN_OBJC_LITERAL_CONVERSION = YES;
				CLANG_WARN_OBJC_ROOT_CLASS = YES_ERROR;
				CLANG_WARN_QUOTED_INCLUDE_IN_FRAMEWORK_HEADER = YES;
				CLANG_WARN_RANGE_LOOP_ANALYSIS = YES;
				CLANG_WARN_STRICT_PROTOTYPES = YES;
				CLANG_WARN_SUSPICIOUS_MOVE = YES;
				CLANG_WARN_UNGUARDED_AVAILABILITY = YES_AGGRESSIVE;
				CLANG_WARN_UNREACHABLE_CODE = YES;
				CLANG_WARN__DUPLICATE_METHOD_MATCH = YES;
				CODE_SIGN_STYLE = Automatic;
				COPY_PHASE_STRIP = NO;
				CURRENT_PROJECT_VERSION = 1;
				DEBUG_INFORMATION_FORMAT = "dwarf-with-dsym";
				DEVELOPMENT_TEAM = "";
				ENABLE_NS_ASSERTIONS = NO;
				ENABLE_STRICT_OBJC_MSGSEND = YES;
				GCC_C_LANGUAGE_STANDARD = gnu11;
				GCC_NO_COMMON_BLOCKS = YES;
				GCC_WARN_64_TO_32_BIT_CONVERSION = YES;
				GCC_WARN_ABOUT_RETURN_TYPE = YES_ERROR;
				GCC_WARN_UNDECLARED_SELECTOR = YES;
				GCC_WARN_UNINITIALIZED_AUTOS = YES_AGGRESSIVE;
				GCC_WARN_UNUSED_FUNCTION = YES;
				GCC_WARN_UNUSED_VARIABLE = YES;
				MACOSX_DEPLOYMENT_TARGET = 14.0;
				MARKETING_VERSION = 1.0.0;
				MTL_ENABLE_DEBUG_INFO = NO;
				MTL_FAST_MATH = YES;
				PRODUCT_NAME = "$(TARGET_NAME)";
				SDKROOT = macosx;
				SWIFT_COMPILATION_MODE = wholemodule;
				SWIFT_OPTIMIZATION_LEVEL = "-O";
				SWIFT_VERSION = 5.9;
			};
			name = Release;
		};
/* End XCBuildConfiguration section */

/* Begin XCConfigurationList section */
		1D4D2D6FB33981C2E721858F /* Build configuration list for PBXNativeTarget "ClipFlow" */ = {
			isa = XCConfigurationList;
			buildConfigurations = (
				06A4A906990637E32573925A /* Debug */,
				C07FAD1014AACC9D89FF8DFD /* Release */,
			);
			defaultConfigurationIsVisible = 0;
			defaultConfigurationName = Debug;
		};
		8B39C76DC1FC9BCA019A5862 /* Build configuration list for PBXProject "ClipFlow" */ = {
			isa = XCConfigurationList;
			buildConfigurations = (
				A557672CEC726CB751DB7483 /* Debug */,
				D8084E6FD03F6177FB32D49A /* Release */,
			);
			defaultConfigurationIsVisible = 0;
			defaultConfigurationName = Debug;
		};
/* End XCConfigurationList section */
	};
	rootObject = B0DC5489CC3F0A171BCBEE6D /* Project object */;
}
